{
  "nodes": {
    "autodocodec": {
      "flake": false,
      "locked": {
        "lastModified": 1701673930,
        "narHash": "sha256-Mv8LNgJrQpHpuxg7jMuYuUoLeWCW+0OvqST4KNJYH9k=",
        "owner": "NorfairKing",
        "repo": "autodocodec",
        "rev": "958a1c51fbf2f166974a60e2d0a5d266483baff5",
        "type": "github"
      },
      "original": {
        "owner": "NorfairKing",
        "repo": "autodocodec",
        "type": "github"
      }
    },
    "check-flake": {
      "locked": {
        "lastModified": 1683070462,
        "narHash": "sha256-FrfgxQaMGIMGGgT1K0jbGEiXqZoIyyUR8jzuJ03Cf00=",
        "owner": "srid",
        "repo": "check-flake",
        "rev": "24ba082179435ce37085c06ffcfcac6d4c570674",
        "type": "github"
      },
      "original": {
        "owner": "srid",
        "repo": "check-flake",
        "type": "github"
      }
    },
    "dekking": {
      "flake": false,
      "locked": {
        "lastModified": 1702048665,
        "narHash": "sha256-DHGLHBiZMNUaaVDVM979gKh2N5BqOssBIQTWGKfoPls=",
        "owner": "NorfairKing",
        "repo": "dekking",
        "rev": "e74091e032254c70740769996564d55ceac51278",
        "type": "github"
      },
      "original": {
        "owner": "NorfairKing",
        "repo": "dekking",
        "type": "github"
      }
    },
    "docs-search": {
      "flake": false,
      "locked": {
        "lastModified": 1675992564,
        "narHash": "sha256-Tk9VSogFHXtXe9O9vuCEfM/PV/S7plMIO0I++fCZn7U=",
        "owner": "purs-nix",
        "repo": "purescript-docs-search",
        "rev": "35822b1d6ce65b1a07f80dd9e2caf15c3ee83e2c",
        "type": "github"
      },
      "original": {
        "owner": "purs-nix",
        "repo": "purescript-docs-search",
        "type": "github"
      }
    },
    "fast-myers-diff": {
      "flake": false,
      "locked": {
        "lastModified": 1701674450,
        "narHash": "sha256-1RP8wXPZGKB/OSdxcjvxAJCqC+trWzrNcD7UGAdpHiA=",
        "owner": "NorfairKing",
        "repo": "fast-myers-diff",
        "rev": "7fe372e635f293cc76de95773bdc4f0eaae89597",
        "type": "github"
      },
      "original": {
        "owner": "NorfairKing",
        "repo": "fast-myers-diff",
        "type": "github"
      }
    },
    "feedback": {
      "inputs": {
        "autodocodec": "autodocodec",
        "dekking": "dekking",
        "fast-myers-diff": "fast-myers-diff",
        "nixpkgs": "nixpkgs",
        "pre-commit-hooks": "pre-commit-hooks",
        "safe-coloured-text": "safe-coloured-text",
        "sydtest": "sydtest",
        "validity": "validity",
        "weeder-nix": "weeder-nix"
      },
      "locked": {
        "lastModified": 1713169350,
        "narHash": "sha256-ExwxuftE018oszRTUmjP/Nu6zSFoCpyKqfsGMABHT/U=",
        "owner": "NorfairKing",
        "repo": "feedback",
        "rev": "c727298d7b34252a5e9b360805c7d51252589a0a",
        "type": "github"
      },
      "original": {
        "owner": "NorfairKing",
        "repo": "feedback",
        "type": "github"
      }
    },
    "flake-compat": {
      "flake": false,
      "locked": {
        "lastModified": 1696426674,
        "narHash": "sha256-kvjfFW7WAETZlt09AgDn1MrtKzP7t90Vf7vypd3OL1U=",
        "owner": "edolstra",
        "repo": "flake-compat",
        "rev": "0f9255e01c2351cc7d116c072cb317785dd33b33",
        "type": "github"
      },
      "original": {
        "owner": "edolstra",
        "repo": "flake-compat",
        "type": "github"
      }
    },
    "flake-compat_2": {
      "flake": false,
      "locked": {
        "lastModified": 1696426674,
        "narHash": "sha256-kvjfFW7WAETZlt09AgDn1MrtKzP7t90Vf7vypd3OL1U=",
        "owner": "edolstra",
        "repo": "flake-compat",
        "rev": "0f9255e01c2351cc7d116c072cb317785dd33b33",
        "type": "github"
      },
      "original": {
        "owner": "edolstra",
        "repo": "flake-compat",
        "type": "github"
      }
    },
    "flake-parts": {
      "inputs": {
        "nixpkgs-lib": "nixpkgs-lib"
      },
      "locked": {
        "lastModified": 1717285511,
        "narHash": "sha256-iKzJcpdXih14qYVcZ9QC9XuZYnPc6T8YImb6dX166kw=",
        "owner": "hercules-ci",
        "repo": "flake-parts",
        "rev": "2a55567fcf15b1b1c7ed712a2c6fadaec7412ea8",
        "type": "github"
      },
      "original": {
        "owner": "hercules-ci",
        "repo": "flake-parts",
        "type": "github"
      }
    },
    "flake-root": {
      "locked": {
        "lastModified": 1713493429,
        "narHash": "sha256-ztz8JQkI08tjKnsTpfLqzWoKFQF4JGu2LRz8bkdnYUk=",
        "owner": "srid",
        "repo": "flake-root",
        "rev": "bc748b93b86ee76e2032eecda33440ceb2532fcd",
        "type": "github"
      },
      "original": {
        "owner": "srid",
        "repo": "flake-root",
        "type": "github"
      }
    },
    "flake-utils": {
      "inputs": {
        "systems": "systems"
      },
      "locked": {
        "lastModified": 1710146030,
        "narHash": "sha256-SZ5L6eA7HJ/nmkzGG7/ISclqe6oZdOZTNoesiInkXPQ=",
        "owner": "numtide",
        "repo": "flake-utils",
        "rev": "b1d9ab70662946ef0850d488da1c9019f3a9752a",
        "type": "github"
      },
      "original": {
        "owner": "numtide",
        "repo": "flake-utils",
        "type": "github"
      }
    },
    "flake-utils_2": {
      "locked": {
        "lastModified": 1644229661,
        "narHash": "sha256-1YdnJAsNy69bpcjuoKdOYQX0YxZBiCYZo4Twxerqv7k=",
        "owner": "numtide",
        "repo": "flake-utils",
        "rev": "3cecb5b042f7f209c56ffd8371b2711a290ec797",
        "type": "github"
      },
      "original": {
        "owner": "numtide",
        "repo": "flake-utils",
        "type": "github"
      }
    },
    "flake-utils_3": {
      "locked": {
        "lastModified": 1618217525,
        "narHash": "sha256-WGrhVczjXTiswQaoxQ+0PTfbLNeOQM6M36zvLn78AYg=",
        "owner": "numtide",
        "repo": "flake-utils",
        "rev": "c6169a2772643c4a93a0b5ac1c61e296cba68544",
        "type": "github"
      },
      "original": {
        "owner": "numtide",
        "repo": "flake-utils",
        "type": "github"
      }
    },
    "flake-utils_4": {
      "locked": {
        "lastModified": 1618217525,
        "narHash": "sha256-WGrhVczjXTiswQaoxQ+0PTfbLNeOQM6M36zvLn78AYg=",
        "owner": "numtide",
        "repo": "flake-utils",
        "rev": "c6169a2772643c4a93a0b5ac1c61e296cba68544",
        "type": "github"
      },
      "original": {
        "owner": "numtide",
        "repo": "flake-utils",
        "type": "github"
      }
    },
    "get-flake": {
      "locked": {
        "lastModified": 1644686428,
        "narHash": "sha256-zkhYsURWFrvEZLkIoBeqFBzSu+cA2u5mo6M8vq9LN7M=",
        "owner": "ursi",
        "repo": "get-flake",
        "rev": "703f15558daa56dfae19d1858bb3046afe68831a",
        "type": "github"
      },
      "original": {
        "owner": "ursi",
        "repo": "get-flake",
        "type": "github"
      }
    },
    "gitignore": {
      "inputs": {
        "nixpkgs": [
          "feedback",
          "pre-commit-hooks",
          "nixpkgs"
        ]
      },
      "locked": {
        "lastModified": 1709087332,
        "narHash": "sha256-HG2cCnktfHsKV0s4XW83gU3F57gaTljL9KNSuG6bnQs=",
        "owner": "hercules-ci",
        "repo": "gitignore.nix",
        "rev": "637db329424fd7e46cf4185293b9cc8c88c95394",
        "type": "github"
      },
      "original": {
        "owner": "hercules-ci",
        "repo": "gitignore.nix",
        "type": "github"
      }
    },
    "haskell-flake": {
      "locked": {
        "lastModified": 1718653460,
        "narHash": "sha256-8ana22BZaLp91gGvQq8YbfteJKFqza4qrqc6++bCnH4=",
        "owner": "srid",
        "repo": "haskell-flake",
        "rev": "569e28636c1aaee767a43741511fb36a6d3c284b",
        "type": "github"
      },
      "original": {
        "owner": "srid",
        "repo": "haskell-flake",
        "type": "github"
      }
    },
    "lint-utils": {
      "inputs": {
        "flake-utils": "flake-utils_2",
        "nixpkgs": [
          "purs-nix",
          "nixpkgs"
        ]
      },
      "locked": {
        "lastModified": 1707777931,
        "narHash": "sha256-PsPb5xMBZ9dPDP04o9vqKEUIEG80Z84/74fPuOMs0ZI=",
        "owner": "homotopic",
        "repo": "lint-utils",
        "rev": "5f11e3e51d8f1aa4ed62a89e90f05953931e105a",
        "type": "github"
      },
      "original": {
        "owner": "homotopic",
        "repo": "lint-utils",
        "type": "github"
      }
    },
    "make-shell": {
      "locked": {
        "lastModified": 1634940815,
        "narHash": "sha256-P69OmveboXzS+es1vQGS4bt+ckwbeIExqxfGLjGuJqA=",
        "owner": "ursi",
        "repo": "nix-make-shell",
        "rev": "8add91681170924e4d0591b22f294aee3f5516f9",
        "type": "github"
      },
      "original": {
        "owner": "ursi",
        "ref": "1",
        "repo": "nix-make-shell",
        "type": "github"
      }
    },
    "make-shell_2": {
      "locked": {
        "lastModified": 1634940815,
        "narHash": "sha256-P69OmveboXzS+es1vQGS4bt+ckwbeIExqxfGLjGuJqA=",
        "owner": "ursi",
        "repo": "nix-make-shell",
        "rev": "8add91681170924e4d0591b22f294aee3f5516f9",
        "type": "github"
      },
      "original": {
        "owner": "ursi",
        "ref": "1",
        "repo": "nix-make-shell",
        "type": "github"
      }
    },
    "nixpkgs": {
      "locked": {
        "lastModified": 1712867921,
        "narHash": "sha256-edTFV4KldkCMdViC/rmpJa7oLIU8SE/S35lh/ukC7bg=",
        "owner": "NixOS",
        "repo": "nixpkgs",
        "rev": "51651a540816273b67bc4dedea2d37d116c5f7fe",
        "type": "github"
      },
      "original": {
        "owner": "NixOS",
        "ref": "nixos-23.11",
        "repo": "nixpkgs",
        "type": "github"
      }
    },
    "nixpkgs-lib": {
      "locked": {
        "lastModified": 1717284937,
        "narHash": "sha256-lIbdfCsf8LMFloheeE6N31+BMIeixqyQWbSr2vk79EQ=",
        "type": "tarball",
        "url": "https://github.com/NixOS/nixpkgs/archive/eb9ceca17df2ea50a250b6b27f7bf6ab0186f198.tar.gz"
      },
      "original": {
        "type": "tarball",
        "url": "https://github.com/NixOS/nixpkgs/archive/eb9ceca17df2ea50a250b6b27f7bf6ab0186f198.tar.gz"
      }
    },
    "nixpkgs-stable": {
      "locked": {
        "lastModified": 1710695816,
        "narHash": "sha256-3Eh7fhEID17pv9ZxrPwCLfqXnYP006RKzSs0JptsN84=",
        "owner": "NixOS",
        "repo": "nixpkgs",
        "rev": "614b4613980a522ba49f0d194531beddbb7220d3",
        "type": "github"
      },
      "original": {
        "owner": "NixOS",
        "ref": "nixos-23.11",
        "repo": "nixpkgs",
        "type": "github"
      }
    },
    "nixpkgs_2": {
      "locked": {
        "lastModified": 1710765496,
        "narHash": "sha256-p7ryWEeQfMwTB6E0wIUd5V2cFTgq+DRRBz2hYGnJZyA=",
        "owner": "NixOS",
        "repo": "nixpkgs",
        "rev": "e367f7a1fb93137af22a3908f00b9a35e2d286a7",
        "type": "github"
      },
      "original": {
        "owner": "NixOS",
        "ref": "nixpkgs-unstable",
        "repo": "nixpkgs",
        "type": "github"
      }
    },
    "nixpkgs_3": {
      "locked": {
        "lastModified": 1718842396,
        "narHash": "sha256-9uvK+h2xF2fclkPRz2tlXtz++VNXot22isEVvWizA7Q=",
        "owner": "nixos",
        "repo": "nixpkgs",
        "rev": "49f3b031c4e87e18acc2a68f15fdb56871a170df",
        "type": "github"
      },
      "original": {
        "owner": "nixos",
        "ref": "haskell-updates",
        "repo": "nixpkgs",
        "type": "github"
      }
    },
    "nixpkgs_4": {
      "locked": {
        "lastModified": 1704161960,
        "narHash": "sha256-QGua89Pmq+FBAro8NriTuoO/wNaUtugt29/qqA8zeeM=",
        "owner": "NixOS",
        "repo": "nixpkgs",
        "rev": "63143ac2c9186be6d9da6035fa22620018c85932",
        "type": "github"
      },
      "original": {
        "owner": "NixOS",
        "ref": "nixpkgs-unstable",
        "repo": "nixpkgs",
        "type": "github"
      }
    },
    "nixpkgs_5": {
      "locked": {
        "lastModified": 1656549732,
        "narHash": "sha256-eILutFZGjfk2bEzfim8S/qyYc//0S1KsCeO+OWbtoR0=",
        "owner": "NixOS",
        "repo": "nixpkgs",
        "rev": "d3248619647234b5dc74a6921bcdf6dd8323eb22",
        "type": "github"
      },
      "original": {
        "owner": "NixOS",
        "ref": "nixpkgs-unstable",
        "repo": "nixpkgs",
        "type": "github"
      }
    },
    "parsec": {
      "locked": {
        "lastModified": 1635533376,
        "narHash": "sha256-/HrG0UPGnI5VdkhrNrpDiM2+nhdL6lD/bqyGtYv0QDE=",
        "owner": "nprindle",
        "repo": "nix-parsec",
        "rev": "1bf25dd9c5de1257a1c67de3c81c96d05e8beb5e",
        "type": "github"
      },
      "original": {
        "owner": "nprindle",
        "repo": "nix-parsec",
        "type": "github"
      }
    },
    "pre-commit-hooks": {
      "inputs": {
        "flake-compat": "flake-compat",
        "flake-utils": "flake-utils",
        "gitignore": "gitignore",
        "nixpkgs": "nixpkgs_2",
        "nixpkgs-stable": "nixpkgs-stable"
      },
      "locked": {
        "lastModified": 1712897695,
        "narHash": "sha256-nMirxrGteNAl9sWiOhoN5tIHyjBbVi5e2tgZUgZlK3Y=",
        "owner": "cachix",
        "repo": "pre-commit-hooks.nix",
        "rev": "40e6053ecb65fcbf12863338a6dcefb3f55f1bf8",
        "type": "github"
      },
      "original": {
        "owner": "cachix",
        "repo": "pre-commit-hooks.nix",
        "type": "github"
      }
    },
    "ps-tools": {
      "inputs": {
        "make-shell": "make-shell_2",
        "nixpkgs": "nixpkgs_5",
        "utils": "utils"
      },
      "locked": {
        "lastModified": 1704567308,
        "narHash": "sha256-WbFPIkKLtyQOPBUjintckKIYnfs7MvIbmfVsLRSAPlc=",
        "owner": "purs-nix",
        "repo": "purescript-tools",
        "rev": "ac626313141cbee78f06eb3c5e90359f695aef9b",
        "type": "github"
      },
      "original": {
        "owner": "purs-nix",
        "repo": "purescript-tools",
        "type": "github"
      }
    },
    "purescript-bridge": {
      "flake": false,
      "locked": {
        "lastModified": 1706648825,
        "narHash": "sha256-SSdR7n5epcSSOdVVM+w+TQQETx3XZoDsBQrxk1rhUd8=",
        "owner": "eskimor",
        "repo": "purescript-bridge",
        "rev": "d43987ea406dbeb4f4013ecb857686a1b19451f0",
        "type": "github"
      },
      "original": {
        "owner": "eskimor",
        "repo": "purescript-bridge",
        "rev": "d43987ea406dbeb4f4013ecb857686a1b19451f0",
        "type": "github"
      }
    },
    "purescript-overlay": {
      "inputs": {
        "flake-compat": "flake-compat_2",
        "nixpkgs": [
          "nixpkgs"
        ],
        "slimlock": "slimlock"
      },
      "locked": {
        "lastModified": 1718455654,
        "narHash": "sha256-yIOzG9x3SGq2IenRQ2x+KAYH2v/2zhDqV1DtuDRtt4Y=",
        "owner": "thomashoneyman",
        "repo": "purescript-overlay",
        "rev": "8e6a9a4eceab6dd41ca3d1710ba2d06adc1e292e",
        "type": "github"
      },
      "original": {
        "owner": "thomashoneyman",
        "repo": "purescript-overlay",
        "type": "github"
      }
    },
    "purs-nix": {
      "inputs": {
        "docs-search": "docs-search",
        "get-flake": "get-flake",
        "lint-utils": "lint-utils",
        "make-shell": "make-shell",
        "nixpkgs": "nixpkgs_4",
        "parsec": "parsec",
        "ps-tools": "ps-tools",
        "utils": "utils_2"
      },
      "locked": {
        "lastModified": 1711996073,
        "narHash": "sha256-NDV8q9qtpKjHgIcMVBgdNqEfhpfK1d19rHYNa7yq0Qs=",
        "owner": "purs-nix",
        "repo": "purs-nix",
        "rev": "8caa40f7fe69b9fcd05baae04c4ec9eb43953e2e",
        "type": "github"
      },
      "original": {
        "owner": "purs-nix",
        "repo": "purs-nix",
        "type": "github"
      }
    },
    "root": {
      "inputs": {
        "check-flake": "check-flake",
        "feedback": "feedback",
        "flake-parts": "flake-parts",
        "flake-root": "flake-root",
        "haskell-flake": "haskell-flake",
        "nixpkgs": "nixpkgs_3",
        "ps-tools": [
          "purs-nix",
          "ps-tools"
        ],
        "purescript-bridge": "purescript-bridge",
        "purescript-overlay": "purescript-overlay",
        "purs-nix": "purs-nix"
      }
    },
    "safe-coloured-text": {
      "flake": false,
      "locked": {
        "lastModified": 1711626793,
        "narHash": "sha256-Pu7cKBjljx7wY4OoQ6T6Uu92+Hsj2SnuutYsVN3U89A=",
        "owner": "NorfairKing",
        "repo": "safe-coloured-text",
        "rev": "4161e707b1b0a8090a7149b8195f15943fa29fa9",
        "type": "github"
      },
      "original": {
        "owner": "NorfairKing",
        "repo": "safe-coloured-text",
        "type": "github"
      }
    },
    "slimlock": {
      "inputs": {
        "nixpkgs": [
          "purescript-overlay",
          "nixpkgs"
        ]
      },
      "locked": {
        "lastModified": 1688756706,
        "narHash": "sha256-xzkkMv3neJJJ89zo3o2ojp7nFeaZc2G0fYwNXNJRFlo=",
        "owner": "thomashoneyman",
        "repo": "slimlock",
        "rev": "cf72723f59e2340d24881fd7bf61cb113b4c407c",
        "type": "github"
      },
      "original": {
        "owner": "thomashoneyman",
        "repo": "slimlock",
        "type": "github"
      }
    },
    "sydtest": {
      "flake": false,
      "locked": {
        "lastModified": 1701869719,
        "narHash": "sha256-+qrn2utn8W754ifrm5phT3DtAtK78vjlNObFWRHRxHg=",
        "owner": "NorfairKing",
        "repo": "sydtest",
        "rev": "d22ec20ca32854f880295cb373f84e874be916bb",
        "type": "github"
      },
      "original": {
        "owner": "NorfairKing",
        "repo": "sydtest",
        "type": "github"
      }
    },
    "systems": {
      "locked": {
        "lastModified": 1681028828,
        "narHash": "sha256-Vy1rq5AaRuLzOxct8nz4T6wlgyUR7zLU309k9mBC768=",
        "owner": "nix-systems",
        "repo": "default",
        "rev": "da67096a3b9bf56a91d16901293e51ba5b49a27e",
        "type": "github"
      },
      "original": {
        "owner": "nix-systems",
        "repo": "default",
        "type": "github"
      }
    },
    "utils": {
      "inputs": {
        "flake-utils": "flake-utils_3"
      },
      "locked": {
        "lastModified": 1656044990,
        "narHash": "sha256-f01BB7CaOyntOab9XnpH9HD63rGcnu2iyL4M2ubs5F8=",
        "owner": "ursi",
        "repo": "flake-utils",
        "rev": "f53b674a2c90f6202a2f4cd491aba121775490b5",
        "type": "github"
      },
      "original": {
        "owner": "ursi",
        "ref": "8",
        "repo": "flake-utils",
        "type": "github"
      }
    },
    "utils_2": {
      "inputs": {
        "flake-utils": "flake-utils_4"
      },
      "locked": {
        "lastModified": 1656044990,
        "narHash": "sha256-f01BB7CaOyntOab9XnpH9HD63rGcnu2iyL4M2ubs5F8=",
        "owner": "ursi",
        "repo": "flake-utils",
        "rev": "f53b674a2c90f6202a2f4cd491aba121775490b5",
        "type": "github"
      },
      "original": {
        "owner": "ursi",
        "ref": "8",
        "repo": "flake-utils",
        "type": "github"
      }
    },
    "validity": {
      "flake": false,
      "locked": {
        "lastModified": 1701673254,
        "narHash": "sha256-TsSkc2kqAoJ/S6HaK4t4S9r7nDvcHEPiNzMjlPnkb4Y=",
        "owner": "NorfairKing",
        "repo": "validity",
        "rev": "57c4897ccfeb3de60489e0328113798f059ef140",
        "type": "github"
      },
      "original": {
        "owner": "NorfairKing",
        "repo": "validity",
        "type": "github"
      }
    },
    "weeder-nix": {
      "flake": false,
      "locked": {
        "lastModified": 1712652513,
        "narHash": "sha256-etbllbKKJNVHogT89VkgevuaSLa0SA24OGpSDKTrGX0=",
        "owner": "NorfairKing",
        "repo": "weeder-nix",
        "rev": "d49eebf716fd512d5e521bfed49c3281ca12dc1c",
        "type": "github"
      },
      "original": {
        "owner": "NorfairKing",
        "repo": "weeder-nix",
        "type": "github"
      }
    }
  },
  "root": "root",
  "version": 7
}
